{
  "name": "test",
  "version": "1.0.0",
  "lockfileVersion": 1,
  "requires": true,
  "dependencies": {
    "core-util-is": {
      "version": "1.0.2",
      "resolved": "https://registry.npmjs.org/core-util-is/-/core-util-is-1.0.2.tgz",
      "integrity": "sha1-tf1UIgqivFq1eqtxQMlAdUUDwac="
    },
    "gulp-insert": {
      "version": "0.5.0",
      "resolved": "https://registry.npmjs.org/gulp-insert/-/gulp-insert-0.5.0.tgz",
      "integrity": "sha1-MjE/E+SiPPWsylzl8MCAkjx3hgI=",
      "requires": {
        "readable-stream": "1.1.14",
        "streamqueue": "0.0.6"
      }
    },
    "gulp-rename": {
      "version": "1.4.0",
      "resolved": "https://registry.npmjs.org/gulp-rename/-/gulp-rename-1.4.0.tgz",
      "integrity": "sha512-swzbIGb/arEoFK89tPY58vg3Ok1bw+d35PfUNwWqdo7KM4jkmuGA78JiDNqR+JeZFaeeHnRg9N7aihX3YPmsyg=="
    },
    "imgfile2base64": {
      "version": "0.1.4",
      "resolved": "https://registry.npmjs.org/imgfile2base64/-/imgfile2base64-0.1.4.tgz",
      "integrity": "sha512-RYb+pkNyGwU94GkNK4xQ+944L9CDdwB1BgEB+ieSJOdGlOJWlMEMjMvzEoxLFo/FkMiqV3SZnD7MxQHR6epboQ=="
    },
    "inherits": {
      "version": "2.0.3",
      "resolved": "https://registry.npmjs.org/inherits/-/inherits-2.0.3.tgz",
      "integrity": "sha1-Yzwsg+PaQqUC9SRmAiSA9CCCYd4="
    },
    "isarray": {
      "version": "0.0.1",
      "resolved": "https://registry.npmjs.org/isarray/-/isarray-0.0.1.tgz",
      "integrity": "sha1-ihis/Kmo9Bd+Cav8YDiTmwXR7t8="
    },
    "lrz": {
      "version": "4.9.40",
      "resolved": "https://registry.npmjs.org/lrz/-/lrz-4.9.40.tgz",
      "integrity": "sha1-L9O0JYiiClf9eqefgVaMhF5OPXM=",
      "requires": {
        "gulp-insert": "0.5.0",
        "gulp-rename": "1.4.0"
      }
    },
    "moment": {
      "version": "2.24.0",
      "resolved": "https://registry.npmjs.org/moment/-/moment-2.24.0.tgz",
      "integrity": "sha512-bV7f+6l2QigeBBZSM/6yTNq4P2fNpSWj/0e7jQcy87A8e7o2nAfP/34/2ky5Vw4B9S446EtIhodAzkFCcR4dQg=="
    },
    "readable-stream": {
      "version": "1.1.14",
      "resolved": "https://registry.npmjs.org/readable-stream/-/readable-stream-1.1.14.tgz",
      "integrity": "sha1-fPTFTvZI44EwhMY23SB54WbAgdk=",
      "requires": {
        "core-util-is": "1.0.2",
        "inherits": "2.0.3",
        "isarray": "0.0.1",
        "string_decoder": "0.10.31"
      }
    },
    "streamqueue": {
      "version": "0.0.6",
      "resolved": "https://registry.npmjs.org/streamqueue/-/streamqueue-0.0.6.tgz",
      "integrity": "sha1-ZvX17JTpuK8knkrsLdH3Qb/pTeM=",
      "requires": {
        "readable-stream": "1.1.14"
      }
    },
    "string_decoder": {
      "version": "0.10.31",
      "resolved": "https://registry.npmjs.org/string_decoder/-/string_decoder-0.10.31.tgz",
      "integrity": "sha1-YuIDvEF2bGwoyfyEMB2rHFMQ+pQ="
    }
  }
}
